// !$*UTF8*$!
{
	archiveVersion = 1;
	classes = {
	};
	objectVersion = 77;
	objects = {

/* Begin PBXContainerItemProxy section */
		1C818EE52F00CEED00CF558E /* PBXContainerItemProxy */ = {
			isa = PBXContainerItemProxy;
			containerPortal = 1C818ECF2F00CEEB00CF558E /* Project object */;
			proxyType = 1;
			remoteGlobalIDString = 1C818ED62F00CEEB00CF558E;
			remoteInfo = PennyBank;
		};
		1C818EEF2F00CEED00CF558E /* PBXContainerItemProxy */ = {
			isa = PBXContainerItemProxy;
			containerPortal = 1C818ECF2F00CEEB00CF558E /* Project object */;
			proxyType = 1;
			remoteGlobalIDString = 1C818ED62F00CEEB00CF558E;
			remoteInfo = PennyBank;
		};
/* End PBXContainerItemProxy section */

/* Begin PBXFileReference section */
		1C818ED72F00CEEB00CF558E /* PennyBank.app */ = {isa = PBXFileReference; explicitFileType = wrapper.application; includeInIndex = 0; path = PennyBank.app; sourceTree = BUILT_PRODUCTS_DIR; };
		1C818EE42F00CEED00CF558E /* PennyBankTests.xctest */ = {isa = PBXFileReference; explicitFileType = wrapper.cfbundle; includeInIndex = 0; path = PennyBankTests.xctest; sourceTree = BUILT_PRODUCTS_DIR; };
		1C818EEE2F00CEED00CF558E /* PennyBankUITests.xctest */ = {isa = PBXFileReference; explicitFileType = wrapper.cfbundle; includeInIndex = 0; path = PennyBankUITests.xctest; sourceTree = BUILT_PRODUCTS_DIR; };
/* End PBXFileReference section */

/* Begin PBXFileSystemSynchronizedRootGroup section */
		1C818ED92F00CEEB00CF558E /* PennyBank */ = {
			isa = PBXFileSystemSynchronizedRootGroup;
			path = PennyBank;
			sourceTree = "<group>";
		};
		1C818EE72F00CEED00CF558E /* PennyBankTests */ = {
			isa = PBXFileSystemSynchronizedRootGroup;
			path = PennyBankTests;
			sourceTree = "<group>";
		};
		1C818EF12F00CEED00CF558E /* PennyBankUITests */ = {
			isa = PBXFileSystemSynchronizedRootGroup;
			path = PennyBankUITests;
			sourceTree = "<group>";
		};
/* End PBXFileSystemSynchronizedRootGroup section */

/* Begin PBXFrameworksBuildPhase section */
		1C818ED42F00CEEB00CF558E /* Frameworks */ = {
			isa = PBXFrameworksBuildPhase;
			buildActionMask = 2147483647;
			files = (
			);
			runOnlyForDeploymentPostprocessing = 0;
		};
		1C818EE12F00CEED00CF558E /* Frameworks */ = {
			isa = PBXFrameworksBuildPhase;
			buildActionMask = 2147483647;
			files = (
			);
			runOnlyForDeploymentPostprocessing = 0;
		};
		1C818EEB2F00CEED00CF558E /* Frameworks */ = {
			isa = PBXFrameworksBuildPhase;
			buildActionMask = 2147483647;
			files = (
			);
			runOnlyForDeploymentPostprocessing = 0;
		};
/* End PBXFrameworksBuildPhase section */

/* Begin PBXGroup section */
		1C818ECE2F00CEEB00CF558E = {
			isa = PBXGroup;
			children = (
				1C818ED92F00CEEB00CF558E /* PennyBank */,
				1C818EE72F00CEED00CF558E /* PennyBankTests */,
				1C818EF12F00CEED00CF558E /* PennyBankUITests */,
				1C818ED82F00CEEB00CF558E /* Products */,
			);
			sourceTree = "<group>";
		};
		1C818ED82F00CEEB00CF558E /* Products */ = {
			isa = PBXGroup;
			children = (
				1C818ED72F00CEEB00CF558E /* PennyBank.app */,
				1C818EE42F00CEED00CF558E /* PennyBankTests.xctest */,
				1C818EEE2F00CEED00CF558E /* PennyBankUITests.xctest */,
			);
			name = Products;
			sourceTree = "<group>";
		};
/* End PBXGroup section */

/* Begin PBXNativeTarget section */
			1C818ED62F00CEEB00CF558E /* PennyBank */ = {
				isa = PBXNativeTarget;
				buildConfigurationList = 1C818EF82F00CEED00CF558E /* Build configuration list for PBXNativeTarget "PennyBank" */;
				buildPhases = (
					D0F7A2F42F1B3C4D00E5F6A7 /* Generate NotebookLM Bundle */,
					1C818ED32F00CEEB00CF558E /* Sources */,
					1C818ED42F00CEEB00CF558E /* Frameworks */,
					1C818ED52F00CEEB00CF558E /* Resources */,
				);
			buildRules = (
			);
			dependencies = (
			);
			fileSystemSynchronizedGroups = (
				1C818ED92F00CEEB00CF558E /* PennyBank */,
			);
			name = PennyBank;
			packageProductDependencies = (
			);
			productName = PennyBank;
			productReference = 1C818ED72F00CEEB00CF558E /* PennyBank.app */;
			productType = "com.apple.product-type.application";
		};
		1C818EE32F00CEED00CF558E /* PennyBankTests */ = {
			isa = PBXNativeTarget;
			buildConfigurationList = 1C818EFB2F00CEED00CF558E /* Build configuration list for PBXNativeTarget "PennyBankTests" */;
			buildPhases = (
				1C818EE02F00CEED00CF558E /* Sources */,
				1C818EE12F00CEED00CF558E /* Frameworks */,
				1C818EE22F00CEED00CF558E /* Resources */,
			);
			buildRules = (
			);
			dependencies = (
				1C818EE62F00CEED00CF558E /* PBXTargetDependency */,
			);
			fileSystemSynchronizedGroups = (
				1C818EE72F00CEED00CF558E /* PennyBankTests */,
			);
			name = PennyBankTests;
			packageProductDependencies = (
			);
			productName = PennyBankTests;
			productReference = 1C818EE42F00CEED00CF558E /* PennyBankTests.xctest */;
			productType = "com.apple.product-type.bundle.unit-test";
		};
		1C818EED2F00CEED00CF558E /* PennyBankUITests */ = {
			isa = PBXNativeTarget;
			buildConfigurationList = 1C818EFE2F00CEED00CF558E /* Build configuration list for PBXNativeTarget "PennyBankUITests" */;
			buildPhases = (
				1C818EEA2F00CEED00CF558E /* Sources */,
				1C818EEB2F00CEED00CF558E /* Frameworks */,
				1C818EEC2F00CEED00CF558E /* Resources */,
			);
			buildRules = (
			);
			dependencies = (
				1C818EF02F00CEED00CF558E /* PBXTargetDependency */,
			);
			fileSystemSynchronizedGroups = (
				1C818EF12F00CEED00CF558E /* PennyBankUITests */,
			);
			name = PennyBankUITests;
			packageProductDependencies = (
			);
			productName = PennyBankUITests;
			productReference = 1C818EEE2F00CEED00CF558E /* PennyBankUITests.xctest */;
			productType = "com.apple.product-type.bundle.ui-testing";
		};
/* End PBXNativeTarget section */

/* Begin PBXProject section */
		1C818ECF2F00CEEB00CF558E /* Project object */ = {
			isa = PBXProject;
			attributes = {
				BuildIndependentTargetsInParallel = 1;
				LastSwiftUpdateCheck = 2610;
				LastUpgradeCheck = 2610;
				TargetAttributes = {
					1C818ED62F00CEEB00CF558E = {
						CreatedOnToolsVersion = 26.1.1;
					};
					1C818EE32F00CEED00CF558E = {
						CreatedOnToolsVersion = 26.1.1;
						TestTargetID = 1C818ED62F00CEEB00CF558E;
					};
					1C818EED2F00CEED00CF558E = {
						CreatedOnToolsVersion = 26.1.1;
						TestTargetID = 1C818ED62F00CEEB00CF558E;
					};
				};
			};
			buildConfigurationList = 1C818ED22F00CEEB00CF558E /* Build configuration list for PBXProject "PennyBank" */;
			developmentRegion = en;
			hasScannedForEncodings = 0;
			knownRegions = (
				en,
				Base,
			);
			mainGroup = 1C818ECE2F00CEEB00CF558E;
			minimizedProjectReferenceProxies = 1;
			preferredProjectObjectVersion = 77;
			productRefGroup = 1C818ED82F00CEEB00CF558E /* Products */;
			projectDirPath = "";
			projectRoot = "";
			targets = (
				1C818ED62F00CEEB00CF558E /* PennyBank */,
				1C818EE32F00CEED00CF558E /* PennyBankTests */,
				1C818EED2F00CEED00CF558E /* PennyBankUITests */,
			);
		};
/* End PBXProject section */

/* Begin PBXResourcesBuildPhase section */
		1C818ED52F00CEEB00CF558E /* Resources */ = {
			isa = PBXResourcesBuildPhase;
			buildActionMask = 2147483647;
			files = (
			);
			runOnlyForDeploymentPostprocessing = 0;
		};
		1C818EE22F00CEED00CF558E /* Resources */ = {
			isa = PBXResourcesBuildPhase;
			buildActionMask = 2147483647;
			files = (
			);
			runOnlyForDeploymentPostprocessing = 0;
		};
		1C818EEC2F00CEED00CF558E /* Resources */ = {
			isa = PBXResourcesBuildPhase;
			buildActionMask = 2147483647;
			files = (
			);
			runOnlyForDeploymentPostprocessing = 0;
		};
	/* End PBXResourcesBuildPhase section */

	/* Begin PBXShellScriptBuildPhase section */
			D0F7A2F42F1B3C4D00E5F6A7 /* Generate NotebookLM Bundle */ = {
				isa = PBXShellScriptBuildPhase;
				alwaysOutOfDate = 1;
				buildActionMask = 2147483647;
				files = (
				);
				inputPaths = (
				);
				name = "Generate NotebookLM Bundle";
				outputPaths = (
				);
				runOnlyForDeploymentPostprocessing = 0;
				shellPath = /bin/sh;
				shellScript = "case \"$CONFIGURATION\" in\n  Debug*) ;;\n  *) exit 0 ;;\nesac\n\nNOTEBOOKLM_EXPORT_TO_DRIVE=1 /bin/bash \"$SRCROOT/scripts/notebooklm_prepare_upload.sh\" --bundle\n";
				showEnvVarsInLog = 0;
			};
	/* End PBXShellScriptBuildPhase section */

	/* Begin PBXSourcesBuildPhase section */
			1C818ED32F00CEEB00CF558E /* Sources */ = {
				isa = PBXSourcesBuildPhase;
				buildActionMask = 2147483647;
			files = (
			);
			runOnlyForDeploymentPostprocessing = 0;
		};
		1C818EE02F00CEED00CF558E /* Sources */ = {
			isa = PBXSourcesBuildPhase;
			buildActionMask = 2147483647;
			files = (
			);
			runOnlyForDeploymentPostprocessing = 0;
		};
		1C818EEA2F00CEED00CF558E /* Sources */ = {
			isa = PBXSourcesBuildPhase;
			buildActionMask = 2147483647;
			files = (
			);
			runOnlyForDeploymentPostprocessing = 0;
		};
/* End PBXSourcesBuildPhase section */

/* Begin PBXTargetDependency section */
		1C818EE62F00CEED00CF558E /* PBXTargetDependency */ = {
			isa = PBXTargetDependency;
			target = 1C818ED62F00CEEB00CF558E /* PennyBank */;
			targetProxy = 1C818EE52F00CEED00CF558E /* PBXContainerItemProxy */;
		};
		1C818EF02F00CEED00CF558E /* PBXTargetDependency */ = {
			isa = PBXTargetDependency;
			target = 1C818ED62F00CEEB00CF558E /* PennyBank */;
			targetProxy = 1C818EEF2F00CEED00CF558E /* PBXContainerItemProxy */;
		};
/* End PBXTargetDependency section */

/* Begin XCBuildConfiguration section */
		1C818EF62F00CEED00CF558E /* Debug */ = {
			isa = XCBuildConfiguration;
			buildSettings = {
				ALWAYS_SEARCH_USER_PATHS = NO;
				ASSETCATALOG_COMPILER_GENERATE_SWIFT_ASSET_SYMBOL_EXTENSIONS = YES;
				CLANG_ANALYZER_NONNULL = YES;
				CLANG_ANALYZER_NUMBER_OBJECT_CONVERSION = YES_AGGRESSIVE;
				CLANG_CXX_LANGUAGE_STANDARD = "gnu++20";
				CLANG_ENABLE_MODULES = YES;
				CLANG_ENABLE_OBJC_ARC = YES;
				CLANG_ENABLE_OBJC_WEAK = YES;
				CLANG_WARN_BLOCK_CAPTURE_AUTORELEASING = YES;
				CLANG_WARN_BOOL_CONVERSION = YES;
				CLANG_WARN_COMMA = YES;
				CLANG_WARN_CONSTANT_CONVERSION = YES;
				CLANG_WARN_DEPRECATED_OBJC_IMPLEMENTATIONS = YES;
				CLANG_WARN_DIRECT_OBJC_ISA_USAGE = YES_ERROR;
				CLANG_WARN_DOCUMENTATION_COMMENTS = YES;
				CLANG_WARN_EMPTY_BODY = YES;
				CLANG_WARN_ENUM_CONVERSION = YES;
				CLANG_WARN_INFINITE_RECURSION = YES;
				CLANG_WARN_INT_CONVERSION = YES;
				CLANG_WARN_NON_LITERAL_NULL_CONVERSION = YES;
				CLANG_WARN_OBJC_IMPLICIT_RETAIN_SELF = YES;
				CLANG_WARN_OBJC_LITERAL_CONVERSION = YES;
				CLANG_WARN_OBJC_ROOT_CLASS = YES_ERROR;
				CLANG_WARN_QUOTED_INCLUDE_IN_FRAMEWORK_HEADER = YES;
				CLANG_WARN_RANGE_LOOP_ANALYSIS = YES;
				CLANG_WARN_STRICT_PROTOTYPES = YES;
				CLANG_WARN_SUSPICIOUS_MOVE = YES;
				CLANG_WARN_UNGUARDED_AVAILABILITY = YES_AGGRESSIVE;
				CLANG_WARN_UNREACHABLE_CODE = YES;
				CLANG_WARN__DUPLICATE_METHOD_MATCH = YES;
				COPY_PHASE_STRIP = NO;
				DEBUG_INFORMATION_FORMAT = dwarf;
				DEVELOPMENT_TEAM = 54AH6ZQMC2;
				ENABLE_STRICT_OBJC_MSGSEND = YES;
				ENABLE_TESTABILITY = YES;
				ENABLE_USER_SCRIPT_SANDBOXING = YES;
				GCC_C_LANGUAGE_STANDARD = gnu17;
				GCC_DYNAMIC_NO_PIC = NO;
				GCC_NO_COMMON_BLOCKS = YES;
				GCC_OPTIMIZATION_LEVEL = 0;
				GCC_PREPROCESSOR_DEFINITIONS = (
					"DEBUG=1",
					"$(inherited)",
				);
				GCC_WARN_64_TO_32_BIT_CONVERSION = YES;
				GCC_WARN_ABOUT_RETURN_TYPE = YES_ERROR;
				GCC_WARN_UNDECLARED_SELECTOR = YES;
				GCC_WARN_UNINITIALIZED_AUTOS = YES_AGGRESSIVE;
				GCC_WARN_UNUSED_FUNCTION = YES;
				GCC_WARN_UNUSED_VARIABLE = YES;
				IPHONEOS_DEPLOYMENT_TARGET = 26.1;
				LOCALIZATION_PREFERS_STRING_CATALOGS = YES;
				MTL_ENABLE_DEBUG_INFO = INCLUDE_SOURCE;
				MTL_FAST_MATH = YES;
				ONLY_ACTIVE_ARCH = YES;
				SDKROOT = iphoneos;
				SWIFT_ACTIVE_COMPILATION_CONDITIONS = "DEBUG $(inherited)";
				SWIFT_OPTIMIZATION_LEVEL = "-Onone";
			};
			name = Debug;
		};
		1C818EF72F00CEED00CF558E /* Release */ = {
			isa = XCBuildConfiguration;
			buildSettings = {
				ALWAYS_SEARCH_USER_PATHS = NO;
				ASSETCATALOG_COMPILER_GENERATE_SWIFT_ASSET_SYMBOL_EXTENSIONS = YES;
				CLANG_ANALYZER_NONNULL = YES;
				CLANG_ANALYZER_NUMBER_OBJECT_CONVERSION = YES_AGGRESSIVE;
				CLANG_CXX_LANGUAGE_STANDARD = "gnu++20";
				CLANG_ENABLE_MODULES = YES;
				CLANG_ENABLE_OBJC_ARC = YES;
				CLANG_ENABLE_OBJC_WEAK = YES;
				CLANG_WARN_BLOCK_CAPTURE_AUTORELEASING = YES;
				CLANG_WARN_BOOL_CONVERSION = YES;
				CLANG_WARN_COMMA = YES;
				CLANG_WARN_CONSTANT_CONVERSION = YES;
				CLANG_WARN_DEPRECATED_OBJC_IMPLEMENTATIONS = YES;
				CLANG_WARN_DIRECT_OBJC_ISA_USAGE = YES_ERROR;
				CLANG_WARN_DOCUMENTATION_COMMENTS = YES;
				CLANG_WARN_EMPTY_BODY = YES;
				CLANG_WARN_ENUM_CONVERSION = YES;
				CLANG_WARN_INFINITE_RECURSION = YES;
				CLANG_WARN_INT_CONVERSION = YES;
				CLANG_WARN_NON_LITERAL_NULL_CONVERSION = YES;
				CLANG_WARN_OBJC_IMPLICIT_RETAIN_SELF = YES;
				CLANG_WARN_OBJC_LITERAL_CONVERSION = YES;
				CLANG_WARN_OBJC_ROOT_CLASS = YES_ERROR;
				CLANG_WARN_QUOTED_INCLUDE_IN_FRAMEWORK_HEADER = YES;
				CLANG_WARN_RANGE_LOOP_ANALYSIS = YES;
				CLANG_WARN_STRICT_PROTOTYPES = YES;
				CLANG_WARN_SUSPICIOUS_MOVE = YES;
				CLANG_WARN_UNGUARDED_AVAILABILITY = YES_AGGRESSIVE;
				CLANG_WARN_UNREACHABLE_CODE = YES;
				CLANG_WARN__DUPLICATE_METHOD_MATCH = YES;
				COPY_PHASE_STRIP = NO;
				DEBUG_INFORMATION_FORMAT = "dwarf-with-dsym";
				DEVELOPMENT_TEAM = 54AH6ZQMC2;
				ENABLE_NS_ASSERTIONS = NO;
				ENABLE_STRICT_OBJC_MSGSEND = YES;
				ENABLE_USER_SCRIPT_SANDBOXING = YES;
				GCC_C_LANGUAGE_STANDARD = gnu17;
				GCC_NO_COMMON_BLOCKS = YES;
				GCC_WARN_64_TO_32_BIT_CONVERSION = YES;
				GCC_WARN_ABOUT_RETURN_TYPE = YES_ERROR;
				GCC_WARN_UNDECLARED_SELECTOR = YES;
				GCC_WARN_UNINITIALIZED_AUTOS = YES_AGGRESSIVE;
				GCC_WARN_UNUSED_FUNCTION = YES;
				GCC_WARN_UNUSED_VARIABLE = YES;
				IPHONEOS_DEPLOYMENT_TARGET = 26.1;
				LOCALIZATION_PREFERS_STRING_CATALOGS = YES;
				MTL_ENABLE_DEBUG_INFO = NO;
				MTL_FAST_MATH = YES;
				SDKROOT = iphoneos;
				SWIFT_COMPILATION_MODE = wholemodule;
				VALIDATE_PRODUCT = YES;
			};
			name = Release;
		};
			1C818EF92F00CEED00CF558E /* Debug */ = {
				isa = XCBuildConfiguration;
				buildSettings = {
					ASSETCATALOG_COMPILER_APPICON_NAME = AppIcon;
					ASSETCATALOG_COMPILER_GLOBAL_ACCENT_COLOR_NAME = AccentColor;
					CODE_SIGN_STYLE = Automatic;
					CURRENT_PROJECT_VERSION = 1;
					DEVELOPMENT_TEAM = 54AH6ZQMC2;
					ENABLE_USER_SCRIPT_SANDBOXING = NO;
					ENABLE_PREVIEWS = YES;
					GENERATE_INFOPLIST_FILE = YES;
					INFOPLIST_KEY_NSCameraUsageDescription = "用于扫描二维码。";
					INFOPLIST_KEY_NSPhotoLibraryUsageDescription = "用于从相册选择二维码图片。";
					INFOPLIST_KEY_UIApplicationSceneManifest_Generation = YES;
				INFOPLIST_KEY_UIApplicationSupportsIndirectInputEvents = YES;
				INFOPLIST_KEY_UILaunchScreen_Generation = YES;
				INFOPLIST_KEY_UISupportedInterfaceOrientations_iPad = "UIInterfaceOrientationPortrait UIInterfaceOrientationPortraitUpsideDown UIInterfaceOrientationLandscapeLeft UIInterfaceOrientationLandscapeRight";
				INFOPLIST_KEY_UISupportedInterfaceOrientations_iPhone = "UIInterfaceOrientationPortrait UIInterfaceOrientationLandscapeLeft UIInterfaceOrientationLandscapeRight";
				LD_RUNPATH_SEARCH_PATHS = (
					"$(inherited)",
					"@executable_path/Frameworks",
				);
				MARKETING_VERSION = 1.0;
				PRODUCT_BUNDLE_IDENTIFIER = com.PennyBank.PennyBank;
				PRODUCT_NAME = "$(TARGET_NAME)";
				STRING_CATALOG_GENERATE_SYMBOLS = YES;
				SWIFT_APPROACHABLE_CONCURRENCY = YES;
				SWIFT_DEFAULT_ACTOR_ISOLATION = MainActor;
				SWIFT_EMIT_LOC_STRINGS = YES;
				SWIFT_UPCOMING_FEATURE_MEMBER_IMPORT_VISIBILITY = YES;
				SWIFT_VERSION = 5.0;
				TARGETED_DEVICE_FAMILY = "1,2";
			};
			name = Debug;
		};
		1C818EFA2F00CEED00CF558E /* Release */ = {
			isa = XCBuildConfiguration;
			buildSettings = {
				ASSETCATALOG_COMPILER_APPICON_NAME = AppIcon;
				ASSETCATALOG_COMPILER_GLOBAL_ACCENT_COLOR_NAME = AccentColor;
				CODE_SIGN_STYLE = Automatic;
				CURRENT_PROJECT_VERSION = 1;
				DEVELOPMENT_TEAM = 54AH6ZQMC2;
				ENABLE_PREVIEWS = YES;
				GENERATE_INFOPLIST_FILE = YES;
				INFOPLIST_KEY_NSCameraUsageDescription = "用于扫描二维码。";
				INFOPLIST_KEY_NSPhotoLibraryUsageDescription = "用于从相册选择二维码图片。";
				INFOPLIST_KEY_UIApplicationSceneManifest_Generation = YES;
				INFOPLIST_KEY_UIApplicationSupportsIndirectInputEvents = YES;
				INFOPLIST_KEY_UILaunchScreen_Generation = YES;
				INFOPLIST_KEY_UISupportedInterfaceOrientations_iPad = "UIInterfaceOrientationPortrait UIInterfaceOrientationPortraitUpsideDown UIInterfaceOrientationLandscapeLeft UIInterfaceOrientationLandscapeRight";
				INFOPLIST_KEY_UISupportedInterfaceOrientations_iPhone = "UIInterfaceOrientationPortrait UIInterfaceOrientationLandscapeLeft UIInterfaceOrientationLandscapeRight";
				LD_RUNPATH_SEARCH_PATHS = (
					"$(inherited)",
					"@executable_path/Frameworks",
				);
				MARKETING_VERSION = 1.0;
				PRODUCT_BUNDLE_IDENTIFIER = com.PennyBank.PennyBank;
				PRODUCT_NAME = "$(TARGET_NAME)";
				STRING_CATALOG_GENERATE_SYMBOLS = YES;
				SWIFT_APPROACHABLE_CONCURRENCY = YES;
				SWIFT_DEFAULT_ACTOR_ISOLATION = MainActor;
				SWIFT_EMIT_LOC_STRINGS = YES;
				SWIFT_UPCOMING_FEATURE_MEMBER_IMPORT_VISIBILITY = YES;
				SWIFT_VERSION = 5.0;
				TARGETED_DEVICE_FAMILY = "1,2";
			};
			name = Release;
		};
		1C818EFC2F00CEED00CF558E /* Debug */ = {
			isa = XCBuildConfiguration;
			buildSettings = {
				BUNDLE_LOADER = "$(TEST_HOST)";
				CODE_SIGN_STYLE = Automatic;
				CURRENT_PROJECT_VERSION = 1;
				DEVELOPMENT_TEAM = 54AH6ZQMC2;
				GENERATE_INFOPLIST_FILE = YES;
				IPHONEOS_DEPLOYMENT_TARGET = 26.1;
				MARKETING_VERSION = 1.0;
				PRODUCT_BUNDLE_IDENTIFIER = com.PennyBank.PennyBankTests;
				PRODUCT_NAME = "$(TARGET_NAME)";
				STRING_CATALOG_GENERATE_SYMBOLS = NO;
				SWIFT_APPROACHABLE_CONCURRENCY = YES;
				SWIFT_EMIT_LOC_STRINGS = NO;
				SWIFT_UPCOMING_FEATURE_MEMBER_IMPORT_VISIBILITY = YES;
				SWIFT_VERSION = 5.0;
				TARGETED_DEVICE_FAMILY = "1,2";
				TEST_HOST = "$(BUILT_PRODUCTS_DIR)/PennyBank.app/$(BUNDLE_EXECUTABLE_FOLDER_PATH)/PennyBank";
			};
			name = Debug;
		};
		1C818EFD2F00CEED00CF558E /* Release */ = {
			isa = XCBuildConfiguration;
			buildSettings = {
				BUNDLE_LOADER = "$(TEST_HOST)";
				CODE_SIGN_STYLE = Automatic;
				CURRENT_PROJECT_VERSION = 1;
				DEVELOPMENT_TEAM = 54AH6ZQMC2;
				GENERATE_INFOPLIST_FILE = YES;
				IPHONEOS_DEPLOYMENT_TARGET = 26.1;
				MARKETING_VERSION = 1.0;
				PRODUCT_BUNDLE_IDENTIFIER = com.PennyBank.PennyBankTests;
				PRODUCT_NAME = "$(TARGET_NAME)";
				STRING_CATALOG_GENERATE_SYMBOLS = NO;
				SWIFT_APPROACHABLE_CONCURRENCY = YES;
				SWIFT_EMIT_LOC_STRINGS = NO;
				SWIFT_UPCOMING_FEATURE_MEMBER_IMPORT_VISIBILITY = YES;
				SWIFT_VERSION = 5.0;
				TARGETED_DEVICE_FAMILY = "1,2";
				TEST_HOST = "$(BUILT_PRODUCTS_DIR)/PennyBank.app/$(BUNDLE_EXECUTABLE_FOLDER_PATH)/PennyBank";
			};
			name = Release;
		};
		1C818EFF2F00CEED00CF558E /* Debug */ = {
			isa = XCBuildConfiguration;
			buildSettings = {
				CODE_SIGN_STYLE = Automatic;
				CURRENT_PROJECT_VERSION = 1;
				DEVELOPMENT_TEAM = 54AH6ZQMC2;
				GENERATE_INFOPLIST_FILE = YES;
				MARKETING_VERSION = 1.0;
				PRODUCT_BUNDLE_IDENTIFIER = com.PennyBank.PennyBankUITests;
				PRODUCT_NAME = "$(TARGET_NAME)";
				STRING_CATALOG_GENERATE_SYMBOLS = NO;
				SWIFT_APPROACHABLE_CONCURRENCY = YES;
				SWIFT_EMIT_LOC_STRINGS = NO;
				SWIFT_UPCOMING_FEATURE_MEMBER_IMPORT_VISIBILITY = YES;
				SWIFT_VERSION = 5.0;
				TARGETED_DEVICE_FAMILY = "1,2";
				TEST_TARGET_NAME = PennyBank;
			};
			name = Debug;
		};
		1C818F002F00CEED00CF558E /* Release */ = {
			isa = XCBuildConfiguration;
			buildSettings = {
				CODE_SIGN_STYLE = Automatic;
				CURRENT_PROJECT_VERSION = 1;
				DEVELOPMENT_TEAM = 54AH6ZQMC2;
				GENERATE_INFOPLIST_FILE = YES;
				MARKETING_VERSION = 1.0;
				PRODUCT_BUNDLE_IDENTIFIER = com.PennyBank.PennyBankUITests;
				PRODUCT_NAME = "$(TARGET_NAME)";
				STRING_CATALOG_GENERATE_SYMBOLS = NO;
				SWIFT_APPROACHABLE_CONCURRENCY = YES;
				SWIFT_EMIT_LOC_STRINGS = NO;
				SWIFT_UPCOMING_FEATURE_MEMBER_IMPORT_VISIBILITY = YES;
				SWIFT_VERSION = 5.0;
				TARGETED_DEVICE_FAMILY = "1,2";
				TEST_TARGET_NAME = PennyBank;
			};
			name = Release;
		};
/* End XCBuildConfiguration section */

/* Begin XCConfigurationList section */
		1C818ED22F00CEEB00CF558E /* Build configuration list for PBXProject "PennyBank" */ = {
			isa = XCConfigurationList;
			buildConfigurations = (
				1C818EF62F00CEED00CF558E /* Debug */,
				1C818EF72F00CEED00CF558E /* Release */,
			);
			defaultConfigurationIsVisible = 0;
			defaultConfigurationName = Release;
		};
		1C818EF82F00CEED00CF558E /* Build configuration list for PBXNativeTarget "PennyBank" */ = {
			isa = XCConfigurationList;
			buildConfigurations = (
				1C818EF92F00CEED00CF558E /* Debug */,
				1C818EFA2F00CEED00CF558E /* Release */,
			);
			defaultConfigurationIsVisible = 0;
			defaultConfigurationName = Release;
		};
		1C818EFB2F00CEED00CF558E /* Build configuration list for PBXNativeTarget "PennyBankTests" */ = {
			isa = XCConfigurationList;
			buildConfigurations = (
				1C818EFC2F00CEED00CF558E /* Debug */,
				1C818EFD2F00CEED00CF558E /* Release */,
			);
			defaultConfigurationIsVisible = 0;
			defaultConfigurationName = Release;
		};
		1C818EFE2F00CEED00CF558E /* Build configuration list for PBXNativeTarget "PennyBankUITests" */ = {
			isa = XCConfigurationList;
			buildConfigurations = (
				1C818EFF2F00CEED00CF558E /* Debug */,
				1C818F002F00CEED00CF558E /* Release */,
			);
			defaultConfigurationIsVisible = 0;
			defaultConfigurationName = Release;
		};
/* End XCConfigurationList section */
	};
	rootObject = 1C818ECF2F00CEEB00CF558E /* Project object */;
}
